
Microsoft Visual Studio Solution File, Format Version 12.00
# Visual Studio Version 17
VisualStudioVersion = 17.14.36301.6
MinimumVisualStudioVersion = 10.0.40219.1
Project("{FAE04EC0-301F-11D3-BF4B-00C04F79EFBC}") = "Galaxy.Security.API", "Galaxy.Security.API\Galaxy.Security.API.csproj", "{84DAED80-B273-4B84-948B-D6411C81099D}"
EndProject
Project("{FAE04EC0-301F-11D3-BF4B-00C04F79EFBC}") = "Galaxy.Security.Application", "Galaxy.Security.Application\Galaxy.Security.Application.csproj", "{54F2495F-3DE4-45AE-830F-ECC5E7959E65}"
EndProject
Project("{FAE04EC0-301F-11D3-BF4B-00C04F79EFBC}") = "Galaxy.Security.Domain", "Galaxy.Security.Domain\Galaxy.Security.Domain.csproj", "{5D55B09C-7274-49AB-BE92-E8F127B5C921}"
EndProject
Project("{FAE04EC0-301F-11D3-BF4B-00C04F79EFBC}") = "Galaxy.Security.Infraestructure", "Galaxy.Security.Infraestructure\Galaxy.Security.Infraestructure.csproj", "{B1BD4AE8-7501-4555-8CA4-5E5C13F8A9DF}"
EndProject
Project("{2150E333-8FDC-42A3-9474-1A3956D46DE8}") = "02. Core", "02. Core", "{02EA681E-C7D8-13C7-8484-4AC65E1B71E8}"
EndProject
Project("{2150E333-8FDC-42A3-9474-1A3956D46DE8}") = "03. Persistence", "03. Persistence", "{E1F15125-7C22-4278-8ECF-106CCED2859C}"
EndProject
Project("{2150E333-8FDC-42A3-9474-1A3956D46DE8}") = "01. Api", "01. Api", "{6A0B0669-0539-4B3A-8672-2D8CC11447D4}"
EndProject
Project("{2150E333-8FDC-42A3-9474-1A3956D46DE8}") = "05. Client", "05. Client", "{055C7D34-66DE-4195-B846-A0E8AB9F952F}"
EndProject
Project("{FAE04EC0-301F-11D3-BF4B-00C04F79EFBC}") = "Galaxy.Security.UI", "Galaxy.Security.UI\Galaxy.Security.UI.csproj", "{3134FD99-99BD-4826-AD02-214A6B83AC22}"
EndProject
Project("{2150E333-8FDC-42A3-9474-1A3956D46DE8}") = "Resources", "Resources", "{C6CF3BA0-A061-43D1-A7EB-F2FCC8D22ECF}"
	ProjectSection(SolutionItems) = preProject
		docker-compose.yml = docker-compose.yml
	EndProjectSection
EndProject
Project("{2150E333-8FDC-42A3-9474-1A3956D46DE8}") = "src", "src", "{B27C9DE0-9519-417F-B62F-7147E9530D9E}"
EndProject
Project("{2150E333-8FDC-42A3-9474-1A3956D46DE8}") = "04. Shared", "04. Shared", "{BF7DEE44-11BB-4EC9-8D8D-0D5A873BC5A8}"
EndProject
Project("{FAE04EC0-301F-11D3-BF4B-00C04F79EFBC}") = "Galaxy.Security.Shared", "Galaxy.Security.Shared\Galaxy.Security.Shared.csproj", "{F91940D9-93EF-4227-9D8E-22BCAA689A6C}"
EndProject
Global
	GlobalSection(SolutionConfigurationPlatforms) = preSolution
		Debug|Any CPU = Debug|Any CPU
		Release|Any CPU = Release|Any CPU
	EndGlobalSection
	GlobalSection(ProjectConfigurationPlatforms) = postSolution
		{84DAED80-B273-4B84-948B-D6411C81099D}.Debug|Any CPU.ActiveCfg = Debug|Any CPU
		{84DAED80-B273-4B84-948B-D6411C81099D}.Debug|Any CPU.Build.0 = Debug|Any CPU
		{84DAED80-B273-4B84-948B-D6411C81099D}.Release|Any CPU.ActiveCfg = Release|Any CPU
		{84DAED80-B273-4B84-948B-D6411C81099D}.Release|Any CPU.Build.0 = Release|Any CPU
		{54F2495F-3DE4-45AE-830F-ECC5E7959E65}.Debug|Any CPU.ActiveCfg = Debug|Any CPU
		{54F2495F-3DE4-45AE-830F-ECC5E7959E65}.Debug|Any CPU.Build.0 = Debug|Any CPU
		{54F2495F-3DE4-45AE-830F-ECC5E7959E65}.Release|Any CPU.ActiveCfg = Release|Any CPU
		{54F2495F-3DE4-45AE-830F-ECC5E7959E65}.Release|Any CPU.Build.0 = Release|Any CPU
		{5D55B09C-7274-49AB-BE92-E8F127B5C921}.Debug|Any CPU.ActiveCfg = Debug|Any CPU
		{5D55B09C-7274-49AB-BE92-E8F127B5C921}.Debug|Any CPU.Build.0 = Debug|Any CPU
		{5D55B09C-7274-49AB-BE92-E8F127B5C921}.Release|Any CPU.ActiveCfg = Release|Any CPU
		{5D55B09C-7274-49AB-BE92-E8F127B5C921}.Release|Any CPU.Build.0 = Release|Any CPU
		{B1BD4AE8-7501-4555-8CA4-5E5C13F8A9DF}.Debug|Any CPU.ActiveCfg = Debug|Any CPU
		{B1BD4AE8-7501-4555-8CA4-5E5C13F8A9DF}.Debug|Any CPU.Build.0 = Debug|Any CPU
		{B1BD4AE8-7501-4555-8CA4-5E5C13F8A9DF}.Release|Any CPU.ActiveCfg = Release|Any CPU
		{B1BD4AE8-7501-4555-8CA4-5E5C13F8A9DF}.Release|Any CPU.Build.0 = Release|Any CPU
		{3134FD99-99BD-4826-AD02-214A6B83AC22}.Debug|Any CPU.ActiveCfg = Debug|Any CPU
		{3134FD99-99BD-4826-AD02-214A6B83AC22}.Debug|Any CPU.Build.0 = Debug|Any CPU
		{3134FD99-99BD-4826-AD02-214A6B83AC22}.Release|Any CPU.ActiveCfg = Release|Any CPU
		{3134FD99-99BD-4826-AD02-214A6B83AC22}.Release|Any CPU.Build.0 = Release|Any CPU
		{F91940D9-93EF-4227-9D8E-22BCAA689A6C}.Debug|Any CPU.ActiveCfg = Debug|Any CPU
		{F91940D9-93EF-4227-9D8E-22BCAA689A6C}.Debug|Any CPU.Build.0 = Debug|Any CPU
		{F91940D9-93EF-4227-9D8E-22BCAA689A6C}.Release|Any CPU.ActiveCfg = Release|Any CPU
		{F91940D9-93EF-4227-9D8E-22BCAA689A6C}.Release|Any CPU.Build.0 = Release|Any CPU
	EndGlobalSection
	GlobalSection(SolutionProperties) = preSolution
		HideSolutionNode = FALSE
	EndGlobalSection
	GlobalSection(NestedProjects) = preSolution
		{84DAED80-B273-4B84-948B-D6411C81099D} = {6A0B0669-0539-4B3A-8672-2D8CC11447D4}
		{54F2495F-3DE4-45AE-830F-ECC5E7959E65} = {02EA681E-C7D8-13C7-8484-4AC65E1B71E8}
		{5D55B09C-7274-49AB-BE92-E8F127B5C921} = {02EA681E-C7D8-13C7-8484-4AC65E1B71E8}
		{B1BD4AE8-7501-4555-8CA4-5E5C13F8A9DF} = {E1F15125-7C22-4278-8ECF-106CCED2859C}
		{02EA681E-C7D8-13C7-8484-4AC65E1B71E8} = {B27C9DE0-9519-417F-B62F-7147E9530D9E}
		{E1F15125-7C22-4278-8ECF-106CCED2859C} = {B27C9DE0-9519-417F-B62F-7147E9530D9E}
		{6A0B0669-0539-4B3A-8672-2D8CC11447D4} = {B27C9DE0-9519-417F-B62F-7147E9530D9E}
		{055C7D34-66DE-4195-B846-A0E8AB9F952F} = {B27C9DE0-9519-417F-B62F-7147E9530D9E}
		{3134FD99-99BD-4826-AD02-214A6B83AC22} = {055C7D34-66DE-4195-B846-A0E8AB9F952F}
		{BF7DEE44-11BB-4EC9-8D8D-0D5A873BC5A8} = {B27C9DE0-9519-417F-B62F-7147E9530D9E}
		{F91940D9-93EF-4227-9D8E-22BCAA689A6C} = {BF7DEE44-11BB-4EC9-8D8D-0D5A873BC5A8}
	EndGlobalSection
	GlobalSection(ExtensibilityGlobals) = postSolution
		SolutionGuid = {B01477DF-C550-4575-A200-2B104BD6681B}
	EndGlobalSection
EndGlobal
